
Microsoft Visual Studio Solution File, Format Version 12.00
Project("{FAE04EC0-301F-11D3-BF4B-00C04F79EFBC}") = "WindowsFormsAppEasyCs122", "WindowsFormsAppEasyCs122\WindowsFormsAppEasyCs122.csproj", "{8C1C5062-F74D-41CD-BE72-E41F8687CAF2}"
EndProject
Global
	GlobalSection(SolutionConfigurationPlatforms) = preSolution
		Debug|Any CPU = Debug|Any CPU
		Release|Any CPU = Release|Any CPU
	EndGlobalSection
	GlobalSection(ProjectConfigurationPlatforms) = postSolution
		{8C1C5062-F74D-41CD-BE72-E41F8687CAF2}.Debug|Any CPU.ActiveCfg = Debug|Any CPU
		{8C1C5062-F74D-41CD-BE72-E41F8687CAF2}.Debug|Any CPU.Build.0 = Debug|Any CPU
		{8C1C5062-F74D-41CD-BE72-E41F8687CAF2}.Release|Any CPU.ActiveCfg = Release|Any CPU
		{8C1C5062-F74D-41CD-BE72-E41F8687CAF2}.Release|Any CPU.Build.0 = Release|Any CPU
	EndGlobalSection
EndGlobal
